
Microsoft Visual Studio Solution File, Format Version 12.00
# Visual Studio Version 16
VisualStudioVersion = 16.0.31205.134
MinimumVisualStudioVersion = 10.0.40219.1
Project("{FAE04EC0-301F-11D3-BF4B-00C04F79EFBC}") = "ToolsForHire", "ToolsForHire\ToolsForHire.csproj", "{A59E764D-D7F4-4A0B-8AE6-EF5AF3C300CD}"
EndProject
Global
	GlobalSection(SolutionConfigurationPlatforms) = preSolution
		Debug|Any CPU = Debug|Any CPU
		Release|Any CPU = Release|Any CPU
	EndGlobalSection
	GlobalSection(ProjectConfigurationPlatforms) = postSolution
		{A59E764D-D7F4-4A0B-8AE6-EF5AF3C300CD}.Debug|Any CPU.ActiveCfg = Debug|Any CPU
		{A59E764D-D7F4-4A0B-8AE6-EF5AF3C300CD}.Debug|Any CPU.Build.0 = Debug|Any CPU
		{A59E764D-D7F4-4A0B-8AE6-EF5AF3C300CD}.Release|Any CPU.ActiveCfg = Release|Any CPU
		{A59E764D-D7F4-4A0B-8AE6-EF5AF3C300CD}.Release|Any CPU.Build.0 = Release|Any CPU
	EndGlobalSection
	GlobalSection(SolutionProperties) = preSolution
		HideSolutionNode = FALSE
	EndGlobalSection
	GlobalSection(ExtensibilityGlobals) = postSolution
		SolutionGuid = {EEBF31A2-B25A-4517-9E0B-D14518184C79}
	EndGlobalSection
EndGlobal
